
Microsoft Visual Studio Solution File, Format Version 12.00
# Visual Studio Version 17
VisualStudioVersion = 17.2.32602.215
MinimumVisualStudioVersion = 10.0.40219.1
Project("{FAE04EC0-301F-11D3-BF4B-00C04F79EFBC}") = "FIT5032_FinalAss", "FIT5032_FinalAss\FIT5032_FinalAss.csproj", "{FFACED34-8161-429F-A9FF-3C313285C216}"
EndProject
Global
	GlobalSection(SolutionConfigurationPlatforms) = preSolution
		Debug|Any CPU = Debug|Any CPU
		Release|Any CPU = Release|Any CPU
	EndGlobalSection
	GlobalSection(ProjectConfigurationPlatforms) = postSolution
		{FFACED34-8161-429F-A9FF-3C313285C216}.Debug|Any CPU.ActiveCfg = Debug|Any CPU
		{FFACED34-8161-429F-A9FF-3C313285C216}.Debug|Any CPU.Build.0 = Debug|Any CPU
		{FFACED34-8161-429F-A9FF-3C313285C216}.Release|Any CPU.ActiveCfg = Release|Any CPU
		{FFACED34-8161-429F-A9FF-3C313285C216}.Release|Any CPU.Build.0 = Release|Any CPU
	EndGlobalSection
	GlobalSection(SolutionProperties) = preSolution
		HideSolutionNode = FALSE
	EndGlobalSection
	GlobalSection(ExtensibilityGlobals) = postSolution
		SolutionGuid = {5A61109B-28EF-4F26-B68C-39A3226945D3}
	EndGlobalSection
EndGlobal
